// !$*UTF8*$!
{
	archiveVersion = 1;
	classes = {
	};
	objectVersion = 77;
	objects = {

/* Begin PBXBuildFile section */
		29BF85D083B9031BCD98C6D7 /* Config.swift in Sources */ = {isa = PBXBuildFile; fileRef = D02D75222BDE883C2544D13B /* Config.swift */; };
		2F073804EE22001531954E0C /* Assets.xcassets in Resources */ = {isa = PBXBuildFile; fileRef = 02A5D2BA33DCB3F55F492627 /* Assets.xcassets */; };
		5F8B3F4E6596ABCD89522CB4 /* ApplaudIQExampleApp.swift in Sources */ = {isa = PBXBuildFile; fileRef = 16EA12B175A021C38CD6518D /* ApplaudIQExampleApp.swift */; };
		767D6606F6687495AD505235 /* Pods_ApplaudIQiOSExample.framework in Frameworks */ = {isa = PBXBuildFile; fileRef = C65920B0DC3284A83D24D3D6 /* Pods_ApplaudIQiOSExample.framework */; };
		7FF6A1A0AC5990FF73C34900 /* EmbedView.swift in Sources */ = {isa = PBXBuildFile; fileRef = 73CB92C8EC1EA293F0D434EB /* EmbedView.swift */; };
		A9D188E1B0817AE7BD8907B5 /* MintClient.swift in Sources */ = {isa = PBXBuildFile; fileRef = 83D983B27861B066EBF52BDC /* MintClient.swift */; };
		D8EAD23C96BEAE13B5B9B35D /* ContentView.swift in Sources */ = {isa = PBXBuildFile; fileRef = 6CD481E9EAD3455679FF5FB2 /* ContentView.swift */; };
/* End PBXBuildFile section */

/* Begin PBXFileReference section */
		02A5D2BA33DCB3F55F492627 /* Assets.xcassets */ = {isa = PBXFileReference; includeInIndex = 1; lastKnownFileType = folder.assetcatalog; path = Assets.xcassets; sourceTree = "<group>"; };
		16EA12B175A021C38CD6518D /* ApplaudIQExampleApp.swift */ = {isa = PBXFileReference; lastKnownFileType = sourcecode.swift; path = ApplaudIQExampleApp.swift; sourceTree = "<group>"; };
		30B417EEACAE494E8C72D953 /* ApplaudIQiOSExample.app */ = {isa = PBXFileReference; includeInIndex = 0; lastKnownFileType = wrapper.application; path = ApplaudIQiOSExample.app; sourceTree = BUILT_PRODUCTS_DIR; };
		5A597F5A7722B6404DCF8A0B /* Pods-ApplaudIQiOSExample.debug.xcconfig */ = {isa = PBXFileReference; includeInIndex = 1; lastKnownFileType = text.xcconfig; name = "Pods-ApplaudIQiOSExample.debug.xcconfig"; path = "Target Support Files/Pods-ApplaudIQiOSExample/Pods-ApplaudIQiOSExample.debug.xcconfig"; sourceTree = "<group>"; };
		66E705E4947CD402BEF8A2D1 /* Pods-ApplaudIQiOSExample.release.xcconfig */ = {isa = PBXFileReference; includeInIndex = 1; lastKnownFileType = text.xcconfig; name = "Pods-ApplaudIQiOSExample.release.xcconfig"; path = "Target Support Files/Pods-ApplaudIQiOSExample/Pods-ApplaudIQiOSExample.release.xcconfig"; sourceTree = "<group>"; };
		6CD481E9EAD3455679FF5FB2 /* ContentView.swift */ = {isa = PBXFileReference; lastKnownFileType = sourcecode.swift; path = ContentView.swift; sourceTree = "<group>"; };
		73CB92C8EC1EA293F0D434EB /* EmbedView.swift */ = {isa = PBXFileReference; lastKnownFileType = sourcecode.swift; path = EmbedView.swift; sourceTree = "<group>"; };
		83D983B27861B066EBF52BDC /* MintClient.swift */ = {isa = PBXFileReference; lastKnownFileType = sourcecode.swift; path = MintClient.swift; sourceTree = "<group>"; };
		C65920B0DC3284A83D24D3D6 /* Pods_ApplaudIQiOSExample.framework */ = {isa = PBXFileReference; explicitFileType = wrapper.framework; includeInIndex = 0; path = Pods_ApplaudIQiOSExample.framework; sourceTree = BUILT_PRODUCTS_DIR; };
		D02D75222BDE883C2544D13B /* Config.swift */ = {isa = PBXFileReference; lastKnownFileType = sourcecode.swift; path = Config.swift; sourceTree = "<group>"; };
/* End PBXFileReference section */

/* Begin PBXFrameworksBuildPhase section */
		ED21E17384EC24D7E129A762 /* Frameworks */ = {
			isa = PBXFrameworksBuildPhase;
			buildActionMask = 2147483647;
			files = (
				767D6606F6687495AD505235 /* Pods_ApplaudIQiOSExample.framework in Frameworks */,
			);
			runOnlyForDeploymentPostprocessing = 0;
		};
/* End PBXFrameworksBuildPhase section */

/* Begin PBXGroup section */
		3E21BFC9BED2CE963D4E91AA /* Pods */ = {
			isa = PBXGroup;
			children = (
				5A597F5A7722B6404DCF8A0B /* Pods-ApplaudIQiOSExample.debug.xcconfig */,
				66E705E4947CD402BEF8A2D1 /* Pods-ApplaudIQiOSExample.release.xcconfig */,
			);
			name = Pods;
			path = Pods;
			sourceTree = "<group>";
		};
		5BDB50F84A93F9DFD7E1D940 /* Shared */ = {
			isa = PBXGroup;
			children = (
				16EA12B175A021C38CD6518D /* ApplaudIQExampleApp.swift */,
				D02D75222BDE883C2544D13B /* Config.swift */,
				6CD481E9EAD3455679FF5FB2 /* ContentView.swift */,
				73CB92C8EC1EA293F0D434EB /* EmbedView.swift */,
				83D983B27861B066EBF52BDC /* MintClient.swift */,
				02A5D2BA33DCB3F55F492627 /* Assets.xcassets */,
			);
			path = Shared;
			sourceTree = "<group>";
		};
		67A29F964065DFCEDA07EA6F = {
			isa = PBXGroup;
			children = (
				9BDDF0B17F8C99D6D8A5B4AB /* ios */,
				C69E30C11480E41F7AC0C4CC /* Products */,
				3E21BFC9BED2CE963D4E91AA /* Pods */,
				70A605E0E54556D126018F85 /* Frameworks */,
			);
			sourceTree = "<group>";
		};
		70A605E0E54556D126018F85 /* Frameworks */ = {
			isa = PBXGroup;
			children = (
				C65920B0DC3284A83D24D3D6 /* Pods_ApplaudIQiOSExample.framework */,
			);
			name = Frameworks;
			sourceTree = "<group>";
		};
		9BDDF0B17F8C99D6D8A5B4AB /* ios */ = {
			isa = PBXGroup;
			children = (
				5BDB50F84A93F9DFD7E1D940 /* Shared */,
			);
			name = ios;
			path = ..;
			sourceTree = "<group>";
		};
		C69E30C11480E41F7AC0C4CC /* Products */ = {
			isa = PBXGroup;
			children = (
				30B417EEACAE494E8C72D953 /* ApplaudIQiOSExample.app */,
			);
			name = Products;
			sourceTree = "<group>";
		};
/* End PBXGroup section */

/* Begin PBXNativeTarget section */
		B7B7DCE22E426C9C647B325F /* ApplaudIQiOSExample */ = {
			isa = PBXNativeTarget;
			buildConfigurationList = 1A3C6B3A4E120D8019BDD882 /* Build configuration list for PBXNativeTarget "ApplaudIQiOSExample" */;
			buildPhases = (
				38B010AEBBCF6243CB850C8C /* [CP] Check Pods Manifest.lock */,
				F0585A75763DEE0C71237DB4 /* Sources */,
				ED21E17384EC24D7E129A762 /* Frameworks */,
				70965DFD552B206056D6643E /* [CP] Embed Pods Frameworks */,
				23AFE2F6DA9CED50CB91915F /* Resources */,
			);
			buildRules = (
			);
			dependencies = (
			);
			name = ApplaudIQiOSExample;
			productName = ApplaudIQiOSExample;
			productReference = 30B417EEACAE494E8C72D953 /* ApplaudIQiOSExample.app */;
			productType = "com.apple.product-type.application";
		};
/* End PBXNativeTarget section */

/* Begin PBXProject section */
		42BA6025055462B9BB550832 /* Project object */ = {
			isa = PBXProject;
			attributes = {
				BuildIndependentTargetsInParallel = YES;
				LastUpgradeCheck = 1430;
				TargetAttributes = {
				};
			};
			buildConfigurationList = 743080248ECA6F3BCAEF0B28 /* Build configuration list for PBXProject "ApplaudIQiOSExample" */;
			developmentRegion = en;
			hasScannedForEncodings = 0;
			knownRegions = (
				Base,
				en,
			);
			mainGroup = 67A29F964065DFCEDA07EA6F;
			minimizedProjectReferenceProxies = 1;
			preferredProjectObjectVersion = 77;
			productRefGroup = C69E30C11480E41F7AC0C4CC /* Products */;
			projectDirPath = "";
			projectRoot = "";
			targets = (
				B7B7DCE22E426C9C647B325F /* ApplaudIQiOSExample */,
			);
		};
/* End PBXProject section */

/* Begin PBXResourcesBuildPhase section */
		23AFE2F6DA9CED50CB91915F /* Resources */ = {
			isa = PBXResourcesBuildPhase;
			buildActionMask = 2147483647;
			files = (
				2F073804EE22001531954E0C /* Assets.xcassets in Resources */,
			);
			runOnlyForDeploymentPostprocessing = 0;
		};
/* End PBXResourcesBuildPhase section */

/* Begin PBXShellScriptBuildPhase section */
		38B010AEBBCF6243CB850C8C /* [CP] Check Pods Manifest.lock */ = {
			isa = PBXShellScriptBuildPhase;
			buildActionMask = 2147483647;
			files = (
			);
			inputFileListPaths = (
			);
			inputPaths = (
				"${PODS_PODFILE_DIR_PATH}/Podfile.lock",
				"${PODS_ROOT}/Manifest.lock",
			);
			name = "[CP] Check Pods Manifest.lock";
			outputFileListPaths = (
			);
			outputPaths = (
				"$(DERIVED_FILE_DIR)/Pods-ApplaudIQiOSExample-checkManifestLockResult.txt",
			);
			runOnlyForDeploymentPostprocessing = 0;
			shellPath = /bin/sh;
			shellScript = "diff \"${PODS_PODFILE_DIR_PATH}/Podfile.lock\" \"${PODS_ROOT}/Manifest.lock\" > /dev/null\nif [ $? != 0 ] ; then\n    # print error to STDERR\n    echo \"error: The sandbox is not in sync with the Podfile.lock. Run 'pod install' or update your CocoaPods installation.\" >&2\n    exit 1\nfi\n# This output is used by Xcode 'outputs' to avoid re-running this script phase.\necho \"SUCCESS\" > \"${SCRIPT_OUTPUT_FILE_0}\"\n";
			showEnvVarsInLog = 0;
		};
		70965DFD552B206056D6643E /* [CP] Embed Pods Frameworks */ = {
			isa = PBXShellScriptBuildPhase;
			buildActionMask = 2147483647;
			files = (
			);
			inputFileListPaths = (
				"${PODS_ROOT}/Target Support Files/Pods-ApplaudIQiOSExample/Pods-ApplaudIQiOSExample-frameworks-${CONFIGURATION}-input-files.xcfilelist",
			);
			name = "[CP] Embed Pods Frameworks";
			outputFileListPaths = (
				"${PODS_ROOT}/Target Support Files/Pods-ApplaudIQiOSExample/Pods-ApplaudIQiOSExample-frameworks-${CONFIGURATION}-output-files.xcfilelist",
			);
			runOnlyForDeploymentPostprocessing = 0;
			shellPath = /bin/sh;
			shellScript = "\"${PODS_ROOT}/Target Support Files/Pods-ApplaudIQiOSExample/Pods-ApplaudIQiOSExample-frameworks.sh\"\n";
			showEnvVarsInLog = 0;
		};
/* End PBXShellScriptBuildPhase section */

/* Begin PBXSourcesBuildPhase section */
		F0585A75763DEE0C71237DB4 /* Sources */ = {
			isa = PBXSourcesBuildPhase;
			buildActionMask = 2147483647;
			files = (
				5F8B3F4E6596ABCD89522CB4 /* ApplaudIQExampleApp.swift in Sources */,
				29BF85D083B9031BCD98C6D7 /* Config.swift in Sources */,
				D8EAD23C96BEAE13B5B9B35D /* ContentView.swift in Sources */,
				7FF6A1A0AC5990FF73C34900 /* EmbedView.swift in Sources */,
				A9D188E1B0817AE7BD8907B5 /* MintClient.swift in Sources */,
			);
			runOnlyForDeploymentPostprocessing = 0;
		};
/* End PBXSourcesBuildPhase section */

/* Begin XCBuildConfiguration section */
		0E131ECB4D9FF52FFC20DED5 /* Release */ = {
			isa = XCBuildConfiguration;
			buildSettings = {
				ALWAYS_SEARCH_USER_PATHS = NO;
				CLANG_ANALYZER_NONNULL = YES;
				CLANG_ANALYZER_NUMBER_OBJECT_CONVERSION = YES_AGGRESSIVE;
				CLANG_CXX_LANGUAGE_STANDARD = "gnu++14";
				CLANG_CXX_LIBRARY = "libc++";
				CLANG_ENABLE_MODULES = YES;
				CLANG_ENABLE_OBJC_ARC = YES;
				CLANG_ENABLE_OBJC_WEAK = YES;
				CLANG_WARN_BLOCK_CAPTURE_AUTORELEASING = YES;
				CLANG_WARN_BOOL_CONVERSION = YES;
				CLANG_WARN_COMMA = YES;
				CLANG_WARN_CONSTANT_CONVERSION = YES;
				CLANG_WARN_DEPRECATED_OBJC_IMPLEMENTATIONS = YES;
				CLANG_WARN_DIRECT_OBJC_ISA_USAGE = YES_ERROR;
				CLANG_WARN_DOCUMENTATION_COMMENTS = YES;
				CLANG_WARN_EMPTY_BODY = YES;
				CLANG_WARN_ENUM_CONVERSION = YES;
				CLANG_WARN_INFINITE_RECURSION = YES;
				CLANG_WARN_INT_CONVERSION = YES;
				CLANG_WARN_NON_LITERAL_NULL_CONVERSION = YES;
				CLANG_WARN_OBJC_IMPLICIT_RETAIN_SELF = YES;
				CLANG_WARN_OBJC_LITERAL_CONVERSION = YES;
				CLANG_WARN_OBJC_ROOT_CLASS = YES_ERROR;
				CLANG_WARN_QUOTED_INCLUDE_IN_FRAMEWORK_HEADER = YES;
				CLANG_WARN_RANGE_LOOP_ANALYSIS = YES;
				CLANG_WARN_STRICT_PROTOTYPES = YES;
				CLANG_WARN_SUSPICIOUS_MOVE = YES;
				CLANG_WARN_UNGUARDED_AVAILABILITY = YES_AGGRESSIVE;
				CLANG_WARN_UNREACHABLE_CODE = YES;
				CLANG_WARN__DUPLICATE_METHOD_MATCH = YES;
				COPY_PHASE_STRIP = NO;
				DEBUG_INFORMATION_FORMAT = "dwarf-with-dsym";
				ENABLE_NS_ASSERTIONS = NO;
				ENABLE_STRICT_OBJC_MSGSEND = YES;
				GCC_C_LANGUAGE_STANDARD = gnu11;
				GCC_NO_COMMON_BLOCKS = YES;
				GCC_WARN_64_TO_32_BIT_CONVERSION = YES;
				GCC_WARN_ABOUT_RETURN_TYPE = YES_ERROR;
				GCC_WARN_UNDECLARED_SELECTOR = YES;
				GCC_WARN_UNINITIALIZED_AUTOS = YES_AGGRESSIVE;
				GCC_WARN_UNUSED_FUNCTION = YES;
				GCC_WARN_UNUSED_VARIABLE = YES;
				IPHONEOS_DEPLOYMENT_TARGET = 14.0;
				MTL_ENABLE_DEBUG_INFO = NO;
				MTL_FAST_MATH = YES;
				PRODUCT_NAME = "$(TARGET_NAME)";
				SDKROOT = iphoneos;
				SWIFT_COMPILATION_MODE = wholemodule;
				SWIFT_OPTIMIZATION_LEVEL = "-O";
				SWIFT_VERSION = 5.0;
			};
			name = Release;
		};
		502AB6199758EE7897C5F320 /* Release */ = {
			isa = XCBuildConfiguration;
			baseConfigurationReference = 66E705E4947CD402BEF8A2D1 /* Pods-ApplaudIQiOSExample.release.xcconfig */;
			buildSettings = {
				ASSETCATALOG_COMPILER_APPICON_NAME = AppIcon;
				CODE_SIGN_IDENTITY = "iPhone Developer";
				CURRENT_PROJECT_VERSION = 1;
				GENERATE_INFOPLIST_FILE = NO;
				INFOPLIST_FILE = ../Shared/Info.plist;
				LD_RUNPATH_SEARCH_PATHS = (
					"$(inherited)",
					"@executable_path/Frameworks",
				);
				MARKETING_VERSION = 1.0.0;
				PRODUCT_BUNDLE_IDENTIFIER = com.applaudiq.example.iosexample;
				SDKROOT = iphoneos;
				TARGETED_DEVICE_FAMILY = "1,2";
			};
			name = Release;
		};
		76F9C73B7CC7B0C489131226 /* Debug */ = {
			isa = XCBuildConfiguration;
			baseConfigurationReference = 5A597F5A7722B6404DCF8A0B /* Pods-ApplaudIQiOSExample.debug.xcconfig */;
			buildSettings = {
				ASSETCATALOG_COMPILER_APPICON_NAME = AppIcon;
				CODE_SIGN_IDENTITY = "iPhone Developer";
				CURRENT_PROJECT_VERSION = 1;
				GENERATE_INFOPLIST_FILE = NO;
				INFOPLIST_FILE = ../Shared/Info.plist;
				LD_RUNPATH_SEARCH_PATHS = (
					"$(inherited)",
					"@executable_path/Frameworks",
				);
				MARKETING_VERSION = 1.0.0;
				PRODUCT_BUNDLE_IDENTIFIER = com.applaudiq.example.iosexample;
				SDKROOT = iphoneos;
				TARGETED_DEVICE_FAMILY = "1,2";
			};
			name = Debug;
		};
		BE262F5E890F41BE885F7CAE /* Debug */ = {
			isa = XCBuildConfiguration;
			buildSettings = {
				ALWAYS_SEARCH_USER_PATHS = NO;
				CLANG_ANALYZER_NONNULL = YES;
				CLANG_ANALYZER_NUMBER_OBJECT_CONVERSION = YES_AGGRESSIVE;
				CLANG_CXX_LANGUAGE_STANDARD = "gnu++14";
				CLANG_CXX_LIBRARY = "libc++";
				CLANG_ENABLE_MODULES = YES;
				CLANG_ENABLE_OBJC_ARC = YES;
				CLANG_ENABLE_OBJC_WEAK = YES;
				CLANG_WARN_BLOCK_CAPTURE_AUTORELEASING = YES;
				CLANG_WARN_BOOL_CONVERSION = YES;
				CLANG_WARN_COMMA = YES;
				CLANG_WARN_CONSTANT_CONVERSION = YES;
				CLANG_WARN_DEPRECATED_OBJC_IMPLEMENTATIONS = YES;
				CLANG_WARN_DIRECT_OBJC_ISA_USAGE = YES_ERROR;
				CLANG_WARN_DOCUMENTATION_COMMENTS = YES;
				CLANG_WARN_EMPTY_BODY = YES;
				CLANG_WARN_ENUM_CONVERSION = YES;
				CLANG_WARN_INFINITE_RECURSION = YES;
				CLANG_WARN_INT_CONVERSION = YES;
				CLANG_WARN_NON_LITERAL_NULL_CONVERSION = YES;
				CLANG_WARN_OBJC_IMPLICIT_RETAIN_SELF = YES;
				CLANG_WARN_OBJC_LITERAL_CONVERSION = YES;
				CLANG_WARN_OBJC_ROOT_CLASS = YES_ERROR;
				CLANG_WARN_QUOTED_INCLUDE_IN_FRAMEWORK_HEADER = YES;
				CLANG_WARN_RANGE_LOOP_ANALYSIS = YES;
				CLANG_WARN_STRICT_PROTOTYPES = YES;
				CLANG_WARN_SUSPICIOUS_MOVE = YES;
				CLANG_WARN_UNGUARDED_AVAILABILITY = YES_AGGRESSIVE;
				CLANG_WARN_UNREACHABLE_CODE = YES;
				CLANG_WARN__DUPLICATE_METHOD_MATCH = YES;
				COPY_PHASE_STRIP = NO;
				DEBUG_INFORMATION_FORMAT = dwarf;
				ENABLE_STRICT_OBJC_MSGSEND = YES;
				ENABLE_TESTABILITY = YES;
				GCC_C_LANGUAGE_STANDARD = gnu11;
				GCC_DYNAMIC_NO_PIC = NO;
				GCC_NO_COMMON_BLOCKS = YES;
				GCC_OPTIMIZATION_LEVEL = 0;
				GCC_PREPROCESSOR_DEFINITIONS = (
					"$(inherited)",
					"DEBUG=1",
				);
				GCC_WARN_64_TO_32_BIT_CONVERSION = YES;
				GCC_WARN_ABOUT_RETURN_TYPE = YES_ERROR;
				GCC_WARN_UNDECLARED_SELECTOR = YES;
				GCC_WARN_UNINITIALIZED_AUTOS = YES_AGGRESSIVE;
				GCC_WARN_UNUSED_FUNCTION = YES;
				GCC_WARN_UNUSED_VARIABLE = YES;
				IPHONEOS_DEPLOYMENT_TARGET = 14.0;
				MTL_ENABLE_DEBUG_INFO = INCLUDE_SOURCE;
				MTL_FAST_MATH = YES;
				ONLY_ACTIVE_ARCH = YES;
				PRODUCT_NAME = "$(TARGET_NAME)";
				SDKROOT = iphoneos;
				SWIFT_ACTIVE_COMPILATION_CONDITIONS = DEBUG;
				SWIFT_OPTIMIZATION_LEVEL = "-Onone";
				SWIFT_VERSION = 5.0;
			};
			name = Debug;
		};
/* End XCBuildConfiguration section */

/* Begin XCConfigurationList section */
		1A3C6B3A4E120D8019BDD882 /* Build configuration list for PBXNativeTarget "ApplaudIQiOSExample" */ = {
			isa = XCConfigurationList;
			buildConfigurations = (
				76F9C73B7CC7B0C489131226 /* Debug */,
				502AB6199758EE7897C5F320 /* Release */,
			);
			defaultConfigurationIsVisible = 0;
			defaultConfigurationName = Debug;
		};
		743080248ECA6F3BCAEF0B28 /* Build configuration list for PBXProject "ApplaudIQiOSExample" */ = {
			isa = XCConfigurationList;
			buildConfigurations = (
				BE262F5E890F41BE885F7CAE /* Debug */,
				0E131ECB4D9FF52FFC20DED5 /* Release */,
			);
			defaultConfigurationIsVisible = 0;
			defaultConfigurationName = Debug;
		};
/* End XCConfigurationList section */
	};
	rootObject = 42BA6025055462B9BB550832 /* Project object */;
}
